
Microsoft Visual Studio Solution File, Format Version 12.00
# Visual Studio Version 17
VisualStudioVersion = 17.3.32819.101
MinimumVisualStudioVersion = 10.0.40219.1
Project("{FAE04EC0-301F-11D3-BF4B-00C04F79EFBC}") = "introCSharp", "introCSharp\introCSharp.csproj", "{281E23FF-BFD3-43CC-8A51-BC082FDE12FB}"
EndProject
Global
	GlobalSection(SolutionConfigurationPlatforms) = preSolution
		Debug|Any CPU = Debug|Any CPU
		Release|Any CPU = Release|Any CPU
	EndGlobalSection
	GlobalSection(ProjectConfigurationPlatforms) = postSolution
		{281E23FF-BFD3-43CC-8A51-BC082FDE12FB}.Debug|Any CPU.ActiveCfg = Debug|Any CPU
		{281E23FF-BFD3-43CC-8A51-BC082FDE12FB}.Debug|Any CPU.Build.0 = Debug|Any CPU
		{281E23FF-BFD3-43CC-8A51-BC082FDE12FB}.Release|Any CPU.ActiveCfg = Release|Any CPU
		{281E23FF-BFD3-43CC-8A51-BC082FDE12FB}.Release|Any CPU.Build.0 = Release|Any CPU
	EndGlobalSection
	GlobalSection(SolutionProperties) = preSolution
		HideSolutionNode = FALSE
	EndGlobalSection
	GlobalSection(ExtensibilityGlobals) = postSolution
		SolutionGuid = {E0F7C5AD-67AC-4647-B088-5A22B56E7FB5}
	EndGlobalSection
EndGlobal
